
Microsoft Visual Studio Solution File, Format Version 12.00
# Visual Studio Version 17
VisualStudioVersion = 17.2.32526.322
MinimumVisualStudioVersion = 10.0.40219.1
Project("{2150E333-8FDC-42A3-9474-1A3956D46DE8}") = "src", "src", "{12B82058-8395-46AD-AA10-F02E2915C269}"
EndProject
Project("{2150E333-8FDC-42A3-9474-1A3956D46DE8}") = "tests", "tests", "{79E0880B-2D73-46C5-A196-59F96B13DCA5}"
EndProject
Project("{2150E333-8FDC-42A3-9474-1A3956D46DE8}") = "etc", "etc", "{E0F0B15F-8326-47C5-9333-EFB09AA38AD7}"
EndProject
Project("{FAE04EC0-301F-11D3-BF4B-00C04F79EFBC}") = "Funcfy", "src\Funcfy\Funcfy.csproj", "{DE7FD497-155B-1086-EC7A-336769C99171}"
EndProject
Project("{FAE04EC0-301F-11D3-BF4B-00C04F79EFBC}") = "Funcfy.Tests", "tests\Funcfy.Tests\Funcfy.Tests.csproj", "{30B11628-B929-3AC7-600D-E1B3F47FF1D7}"
EndProject
Global
	GlobalSection(SolutionConfigurationPlatforms) = preSolution
		Debug|Any CPU = Debug|Any CPU
		Release|Any CPU = Release|Any CPU
	EndGlobalSection
	GlobalSection(ProjectConfigurationPlatforms) = postSolution
		{DE7FD497-155B-1086-EC7A-336769C99171}.Debug|Any CPU.ActiveCfg = Debug|Any CPU
		{DE7FD497-155B-1086-EC7A-336769C99171}.Debug|Any CPU.Build.0 = Debug|Any CPU
		{DE7FD497-155B-1086-EC7A-336769C99171}.Release|Any CPU.ActiveCfg = Release|Any CPU
		{DE7FD497-155B-1086-EC7A-336769C99171}.Release|Any CPU.Build.0 = Release|Any CPU
		{30B11628-B929-3AC7-600D-E1B3F47FF1D7}.Debug|Any CPU.ActiveCfg = Debug|Any CPU
		{30B11628-B929-3AC7-600D-E1B3F47FF1D7}.Debug|Any CPU.Build.0 = Debug|Any CPU
		{30B11628-B929-3AC7-600D-E1B3F47FF1D7}.Release|Any CPU.ActiveCfg = Release|Any CPU
		{30B11628-B929-3AC7-600D-E1B3F47FF1D7}.Release|Any CPU.Build.0 = Release|Any CPU
	EndGlobalSection
	GlobalSection(SolutionProperties) = preSolution
		HideSolutionNode = FALSE
	EndGlobalSection
	GlobalSection(NestedProjects) = preSolution
		{DE7FD497-155B-1086-EC7A-336769C99171} = {12B82058-8395-46AD-AA10-F02E2915C269}
		{30B11628-B929-3AC7-600D-E1B3F47FF1D7} = {79E0880B-2D73-46C5-A196-59F96B13DCA5}
	EndGlobalSection
	GlobalSection(ExtensibilityGlobals) = postSolution
		SolutionGuid = {8BA23312-3408-45E9-8D3B-365D79F2521E}
	EndGlobalSection
EndGlobal
